
Microsoft Visual Studio Solution File, Format Version 12.00
# Visual Studio 2013
VisualStudioVersion = 12.0.31101.0
MinimumVisualStudioVersion = 10.0.40219.1
Project("{FAE04EC0-301F-11D3-BF4B-00C04F79EFBC}") = "Gambot.Core", "Gambot.Core\Gambot.Core.csproj", "{63582468-1FE5-483F-B6BC-6E7F4C722C89}"
EndProject
Project("{FAE04EC0-301F-11D3-BF4B-00C04F79EFBC}") = "Gambot.Driver", "Gambot.Driver\Gambot.Driver.csproj", "{1145BBEC-AD7D-4718-8476-E8D13AAEFAF0}"
EndProject
Project("{FAE04EC0-301F-11D3-BF4B-00C04F79EFBC}") = "Gambot.Tests", "Gambot.Tests\Gambot.Tests.csproj", "{E135E136-B451-406D-93F2-17D71FF8513E}"
EndProject
Project("{FAE04EC0-301F-11D3-BF4B-00C04F79EFBC}") = "Gambot.IO.Console", "Gambot.IO.Console\Gambot.IO.Console.csproj", "{87B21279-321C-4A28-BEDD-1317A571476A}"
EndProject
Project("{FAE04EC0-301F-11D3-BF4B-00C04F79EFBC}") = "Gambot.IO.IRC", "Gambot.IO.IRC\Gambot.IO.IRC.csproj", "{619D107B-6666-4D14-B02A-B3C795F2B5DF}"
EndProject
Project("{FAE04EC0-301F-11D3-BF4B-00C04F79EFBC}") = "Gambot.Modules.Factoid", "Gambot.Modules.Factoid\Gambot.Modules.Factoid.csproj", "{AFB4B6AF-06AE-4CAC-8862-9A4CA45D8518}"
EndProject
Project("{FAE04EC0-301F-11D3-BF4B-00C04F79EFBC}") = "Gambot.Data.InMemory", "Gambot.Data.InMemory\Gambot.Data.InMemory.csproj", "{49F0D5AE-3CDB-4F48-BBD8-F1DA00BBA0BB}"
EndProject
Project("{FAE04EC0-301F-11D3-BF4B-00C04F79EFBC}") = "Gambot.Modules.Variables", "Gambot.Modules.Variables\Gambot.Modules.Variables.csproj", "{08EFC5DE-DD22-4B00-813B-6C81B523FBEE}"
EndProject
Project("{FAE04EC0-301F-11D3-BF4B-00C04F79EFBC}") = "Gambot.Modules.People", "Gambot.Modules.People\Gambot.Modules.People.csproj", "{68A19C32-180C-4EC0-B412-B732CE37C375}"
EndProject
Project("{FAE04EC0-301F-11D3-BF4B-00C04F79EFBC}") = "Gambot.Modules.Simple", "Gambot.Modules.Simple\Gambot.Modules.Simple.csproj", "{E155DDA5-3AC7-4BDC-9B12-B2DD3C8A8332}"
EndProject
Project("{FAE04EC0-301F-11D3-BF4B-00C04F79EFBC}") = "Gambot.Data", "Gambot.Data\Gambot.Data.csproj", "{B9DEFF18-ACEC-4A5B-9DCC-3D1EF212EDD5}"
EndProject
Project("{FAE04EC0-301F-11D3-BF4B-00C04F79EFBC}") = "Gambot.Modules.Quotes", "Gambot.Modules.Quotes\Gambot.Modules.Quotes.csproj", "{0A4197C4-F23A-4719-B102-D922AF5A9E20}"
EndProject
Project("{FAE04EC0-301F-11D3-BF4B-00C04F79EFBC}") = "Gambot.Data.SQLite", "Gambot.Data.SQLite\Gambot.Data.SQLite.csproj", "{543565A4-0641-4FE2-BE17-6662598EF781}"
EndProject
Project("{FAE04EC0-301F-11D3-BF4B-00C04F79EFBC}") = "Gambot.Modules.TLA", "Gambot.Modules.TLA\Gambot.Modules.TLA.csproj", "{B801B69A-A822-4C9E-B943-31E2C37B2B31}"
EndProject
Project("{FAE04EC0-301F-11D3-BF4B-00C04F79EFBC}") = "Gambot.Modules.Config", "Gambot.Modules.Config\Gambot.Modules.Config.csproj", "{6F556522-0C4D-476A-8265-EAD36D49127F}"
EndProject
Project("{FAE04EC0-301F-11D3-BF4B-00C04F79EFBC}") = "Gambot.Modules.Inventory", "Gambot.Modules.Inventory\Gambot.Modules.Inventory.csproj", "{71565C9E-0FF7-4855-8589-F6F2BB29DEAB}"
EndProject
Project("{FAE04EC0-301F-11D3-BF4B-00C04F79EFBC}") = "Gambot.Modules.Conjugation", "Gambot.Modules.Conjugation\Gambot.Modules.Conjugation.csproj", "{35CFBABB-C672-4042-8743-F7909ED1D1A3}"
EndProject
Global
	GlobalSection(SolutionConfigurationPlatforms) = preSolution
		Debug|Any CPU = Debug|Any CPU
		Release|Any CPU = Release|Any CPU
	EndGlobalSection
	GlobalSection(ProjectConfigurationPlatforms) = postSolution
		{63582468-1FE5-483F-B6BC-6E7F4C722C89}.Debug|Any CPU.ActiveCfg = Debug|Any CPU
		{63582468-1FE5-483F-B6BC-6E7F4C722C89}.Debug|Any CPU.Build.0 = Debug|Any CPU
		{63582468-1FE5-483F-B6BC-6E7F4C722C89}.Release|Any CPU.ActiveCfg = Release|Any CPU
		{63582468-1FE5-483F-B6BC-6E7F4C722C89}.Release|Any CPU.Build.0 = Release|Any CPU
		{1145BBEC-AD7D-4718-8476-E8D13AAEFAF0}.Debug|Any CPU.ActiveCfg = Debug|Any CPU
		{1145BBEC-AD7D-4718-8476-E8D13AAEFAF0}.Debug|Any CPU.Build.0 = Debug|Any CPU
		{1145BBEC-AD7D-4718-8476-E8D13AAEFAF0}.Release|Any CPU.ActiveCfg = Release|Any CPU
		{1145BBEC-AD7D-4718-8476-E8D13AAEFAF0}.Release|Any CPU.Build.0 = Release|Any CPU
		{E135E136-B451-406D-93F2-17D71FF8513E}.Debug|Any CPU.ActiveCfg = Debug|Any CPU
		{E135E136-B451-406D-93F2-17D71FF8513E}.Debug|Any CPU.Build.0 = Debug|Any CPU
		{E135E136-B451-406D-93F2-17D71FF8513E}.Release|Any CPU.ActiveCfg = Release|Any CPU
		{E135E136-B451-406D-93F2-17D71FF8513E}.Release|Any CPU.Build.0 = Release|Any CPU
		{87B21279-321C-4A28-BEDD-1317A571476A}.Debug|Any CPU.ActiveCfg = Debug|Any CPU
		{87B21279-321C-4A28-BEDD-1317A571476A}.Debug|Any CPU.Build.0 = Debug|Any CPU
		{87B21279-321C-4A28-BEDD-1317A571476A}.Release|Any CPU.ActiveCfg = Release|Any CPU
		{87B21279-321C-4A28-BEDD-1317A571476A}.Release|Any CPU.Build.0 = Release|Any CPU
		{619D107B-6666-4D14-B02A-B3C795F2B5DF}.Debug|Any CPU.ActiveCfg = Debug|Any CPU
		{619D107B-6666-4D14-B02A-B3C795F2B5DF}.Debug|Any CPU.Build.0 = Debug|Any CPU
		{619D107B-6666-4D14-B02A-B3C795F2B5DF}.Release|Any CPU.ActiveCfg = Release|Any CPU
		{619D107B-6666-4D14-B02A-B3C795F2B5DF}.Release|Any CPU.Build.0 = Release|Any CPU
		{AFB4B6AF-06AE-4CAC-8862-9A4CA45D8518}.Debug|Any CPU.ActiveCfg = Debug|Any CPU
		{AFB4B6AF-06AE-4CAC-8862-9A4CA45D8518}.Debug|Any CPU.Build.0 = Debug|Any CPU
		{AFB4B6AF-06AE-4CAC-8862-9A4CA45D8518}.Release|Any CPU.ActiveCfg = Release|Any CPU
		{AFB4B6AF-06AE-4CAC-8862-9A4CA45D8518}.Release|Any CPU.Build.0 = Release|Any CPU
		{49F0D5AE-3CDB-4F48-BBD8-F1DA00BBA0BB}.Debug|Any CPU.ActiveCfg = Debug|Any CPU
		{49F0D5AE-3CDB-4F48-BBD8-F1DA00BBA0BB}.Debug|Any CPU.Build.0 = Debug|Any CPU
		{49F0D5AE-3CDB-4F48-BBD8-F1DA00BBA0BB}.Release|Any CPU.ActiveCfg = Release|Any CPU
		{49F0D5AE-3CDB-4F48-BBD8-F1DA00BBA0BB}.Release|Any CPU.Build.0 = Release|Any CPU
		{08EFC5DE-DD22-4B00-813B-6C81B523FBEE}.Debug|Any CPU.ActiveCfg = Debug|Any CPU
		{08EFC5DE-DD22-4B00-813B-6C81B523FBEE}.Debug|Any CPU.Build.0 = Debug|Any CPU
		{08EFC5DE-DD22-4B00-813B-6C81B523FBEE}.Release|Any CPU.ActiveCfg = Release|Any CPU
		{08EFC5DE-DD22-4B00-813B-6C81B523FBEE}.Release|Any CPU.Build.0 = Release|Any CPU
		{68A19C32-180C-4EC0-B412-B732CE37C375}.Debug|Any CPU.ActiveCfg = Debug|Any CPU
		{68A19C32-180C-4EC0-B412-B732CE37C375}.Debug|Any CPU.Build.0 = Debug|Any CPU
		{68A19C32-180C-4EC0-B412-B732CE37C375}.Release|Any CPU.ActiveCfg = Release|Any CPU
		{68A19C32-180C-4EC0-B412-B732CE37C375}.Release|Any CPU.Build.0 = Release|Any CPU
		{E155DDA5-3AC7-4BDC-9B12-B2DD3C8A8332}.Debug|Any CPU.ActiveCfg = Debug|Any CPU
		{E155DDA5-3AC7-4BDC-9B12-B2DD3C8A8332}.Debug|Any CPU.Build.0 = Debug|Any CPU
		{E155DDA5-3AC7-4BDC-9B12-B2DD3C8A8332}.Release|Any CPU.ActiveCfg = Release|Any CPU
		{E155DDA5-3AC7-4BDC-9B12-B2DD3C8A8332}.Release|Any CPU.Build.0 = Release|Any CPU
		{B9DEFF18-ACEC-4A5B-9DCC-3D1EF212EDD5}.Debug|Any CPU.ActiveCfg = Debug|Any CPU
		{B9DEFF18-ACEC-4A5B-9DCC-3D1EF212EDD5}.Debug|Any CPU.Build.0 = Debug|Any CPU
		{B9DEFF18-ACEC-4A5B-9DCC-3D1EF212EDD5}.Release|Any CPU.ActiveCfg = Release|Any CPU
		{B9DEFF18-ACEC-4A5B-9DCC-3D1EF212EDD5}.Release|Any CPU.Build.0 = Release|Any CPU
		{0A4197C4-F23A-4719-B102-D922AF5A9E20}.Debug|Any CPU.ActiveCfg = Debug|Any CPU
		{0A4197C4-F23A-4719-B102-D922AF5A9E20}.Debug|Any CPU.Build.0 = Debug|Any CPU
		{0A4197C4-F23A-4719-B102-D922AF5A9E20}.Release|Any CPU.ActiveCfg = Release|Any CPU
		{0A4197C4-F23A-4719-B102-D922AF5A9E20}.Release|Any CPU.Build.0 = Release|Any CPU
		{543565A4-0641-4FE2-BE17-6662598EF781}.Debug|Any CPU.ActiveCfg = Debug|Any CPU
		{543565A4-0641-4FE2-BE17-6662598EF781}.Debug|Any CPU.Build.0 = Debug|Any CPU
		{543565A4-0641-4FE2-BE17-6662598EF781}.Release|Any CPU.ActiveCfg = Release|Any CPU
		{543565A4-0641-4FE2-BE17-6662598EF781}.Release|Any CPU.Build.0 = Release|Any CPU
		{B801B69A-A822-4C9E-B943-31E2C37B2B31}.Debug|Any CPU.ActiveCfg = Debug|Any CPU
		{B801B69A-A822-4C9E-B943-31E2C37B2B31}.Debug|Any CPU.Build.0 = Debug|Any CPU
		{B801B69A-A822-4C9E-B943-31E2C37B2B31}.Release|Any CPU.ActiveCfg = Release|Any CPU
		{B801B69A-A822-4C9E-B943-31E2C37B2B31}.Release|Any CPU.Build.0 = Release|Any CPU
		{6F556522-0C4D-476A-8265-EAD36D49127F}.Debug|Any CPU.ActiveCfg = Debug|Any CPU
		{6F556522-0C4D-476A-8265-EAD36D49127F}.Debug|Any CPU.Build.0 = Debug|Any CPU
		{6F556522-0C4D-476A-8265-EAD36D49127F}.Release|Any CPU.ActiveCfg = Release|Any CPU
		{6F556522-0C4D-476A-8265-EAD36D49127F}.Release|Any CPU.Build.0 = Release|Any CPU
		{71565C9E-0FF7-4855-8589-F6F2BB29DEAB}.Debug|Any CPU.ActiveCfg = Debug|Any CPU
		{71565C9E-0FF7-4855-8589-F6F2BB29DEAB}.Debug|Any CPU.Build.0 = Debug|Any CPU
		{71565C9E-0FF7-4855-8589-F6F2BB29DEAB}.Release|Any CPU.ActiveCfg = Release|Any CPU
		{71565C9E-0FF7-4855-8589-F6F2BB29DEAB}.Release|Any CPU.Build.0 = Release|Any CPU
		{35CFBABB-C672-4042-8743-F7909ED1D1A3}.Debug|Any CPU.ActiveCfg = Debug|Any CPU
		{35CFBABB-C672-4042-8743-F7909ED1D1A3}.Debug|Any CPU.Build.0 = Debug|Any CPU
		{35CFBABB-C672-4042-8743-F7909ED1D1A3}.Release|Any CPU.ActiveCfg = Release|Any CPU
		{35CFBABB-C672-4042-8743-F7909ED1D1A3}.Release|Any CPU.Build.0 = Release|Any CPU
	EndGlobalSection
	GlobalSection(SolutionProperties) = preSolution
		HideSolutionNode = FALSE
	EndGlobalSection
EndGlobal
